
Microsoft Visual Studio Solution File, Format Version 12.00
Project("{FAE04EC0-301F-11D3-BF4B-00C04F79EFBC}") = "ReactiveBinding.Engine", "ReactiveBinding.Engine\ReactiveBinding.Engine.csproj", "{6616976D-704E-426A-B7E3-33AEE29B7F8E}"
EndProject
Project("{FAE04EC0-301F-11D3-BF4B-00C04F79EFBC}") = "ReactiveBinding.Engine.Tests", "ReactiveBinding.Engine.Tests\ReactiveBinding.Engine.Tests.csproj", "{34425221-DDB7-446C-A394-BC43029D7B29}"
EndProject
Project("{FAE04EC0-301F-11D3-BF4B-00C04F79EFBC}") = "ReactiveBinding.Extensions", "ReactiveBinding.Extensions\ReactiveBinding.Extensions.csproj", "{41DCA27B-57ED-4819-9B88-D21A6C3BFBE6}"
EndProject
Project("{FAE04EC0-301F-11D3-BF4B-00C04F79EFBC}") = "ReactiveBinding.Extensions.Tests", "ReactiveBinding.Extensions.Tests\ReactiveBinding.Extensions.Tests.csproj", "{902FD56F-6D8B-4E12-9366-03FAD4B96CFC}"
EndProject
Global
	GlobalSection(SolutionConfigurationPlatforms) = preSolution
		Debug|Any CPU = Debug|Any CPU
		Release|Any CPU = Release|Any CPU
	EndGlobalSection
	GlobalSection(ProjectConfigurationPlatforms) = postSolution
		{6616976D-704E-426A-B7E3-33AEE29B7F8E}.Debug|Any CPU.ActiveCfg = Debug|Any CPU
		{6616976D-704E-426A-B7E3-33AEE29B7F8E}.Debug|Any CPU.Build.0 = Debug|Any CPU
		{6616976D-704E-426A-B7E3-33AEE29B7F8E}.Release|Any CPU.ActiveCfg = Release|Any CPU
		{6616976D-704E-426A-B7E3-33AEE29B7F8E}.Release|Any CPU.Build.0 = Release|Any CPU
		{34425221-DDB7-446C-A394-BC43029D7B29}.Debug|Any CPU.ActiveCfg = Debug|Any CPU
		{34425221-DDB7-446C-A394-BC43029D7B29}.Debug|Any CPU.Build.0 = Debug|Any CPU
		{34425221-DDB7-446C-A394-BC43029D7B29}.Release|Any CPU.ActiveCfg = Release|Any CPU
		{34425221-DDB7-446C-A394-BC43029D7B29}.Release|Any CPU.Build.0 = Release|Any CPU
		{41DCA27B-57ED-4819-9B88-D21A6C3BFBE6}.Debug|Any CPU.ActiveCfg = Debug|Any CPU
		{41DCA27B-57ED-4819-9B88-D21A6C3BFBE6}.Debug|Any CPU.Build.0 = Debug|Any CPU
		{41DCA27B-57ED-4819-9B88-D21A6C3BFBE6}.Release|Any CPU.ActiveCfg = Release|Any CPU
		{41DCA27B-57ED-4819-9B88-D21A6C3BFBE6}.Release|Any CPU.Build.0 = Release|Any CPU
		{902FD56F-6D8B-4E12-9366-03FAD4B96CFC}.Debug|Any CPU.ActiveCfg = Debug|Any CPU
		{902FD56F-6D8B-4E12-9366-03FAD4B96CFC}.Debug|Any CPU.Build.0 = Debug|Any CPU
		{902FD56F-6D8B-4E12-9366-03FAD4B96CFC}.Release|Any CPU.ActiveCfg = Release|Any CPU
		{902FD56F-6D8B-4E12-9366-03FAD4B96CFC}.Release|Any CPU.Build.0 = Release|Any CPU
	EndGlobalSection
EndGlobal
